{
  "name": "pdfreader",
  "version": "0.0.1",
  "lockfileVersion": 1,
  "requires": true,
  "dependencies": {
    "@gkarthiks/isemptyobj": {
      "version": "0.1.1",
      "resolved": "https://registry.npmjs.org/@gkarthiks/isemptyobj/-/isemptyobj-0.1.1.tgz",
      "integrity": "sha512-/QY2mGJkLibj4dzZgXwGSMHO6Dvmr/7cglqtqH8gAj4ldLME2SChuV/kiD0fYhOOrYKFlWIUccdQ7p4+q0oxPg=="
    },
    "getnumtext": {
      "version": "0.0.3",
      "resolved": "https://registry.npmjs.org/getnumtext/-/getnumtext-0.0.3.tgz",
      "integrity": "sha512-1gO1NZG7nGqM4rezV9v9KGJHVk35TZJXi4jaWsPp6WSlNj/5oV8KGM8pfcWrXyvQqmYGIDGseVTycyp2WGL/Cw==",
      "requires": {
        "@gkarthiks/isemptyobj": "0.1.1",
        "written-number": "0.8.1"
      }
    },
    "pdf.js-extract": {
      "version": "0.0.9",
      "resolved": "https://registry.npmjs.org/pdf.js-extract/-/pdf.js-extract-0.0.9.tgz",
      "integrity": "sha512-BaZ4+Vfm9rJXaq0akw96iSngrmRPPIbjCHnLCiMASyiBamjpzwPr5eXrBOLTp8HVuO79N8dtg3MkrTCmrc1iFA=="
    },
    "written-number": {
      "version": "0.8.1",
      "resolved": "https://registry.npmjs.org/written-number/-/written-number-0.8.1.tgz",
      "integrity": "sha512-/JsYGK+h7t1aPtaxlm2dMXVsyJTaT0bakDHjdgrpuie3KLjF55J0Qx9u38o2Kt9eMUMuCfsZDwJnjntl0crYUw=="
    }
  }
}
